
Microsoft Visual Studio Solution File, Format Version 12.00
# Visual Studio Version 17
VisualStudioVersion = 17.4.33205.214
MinimumVisualStudioVersion = 10.0.40219.1
Project("{FAE04EC0-301F-11D3-BF4B-00C04F79EFBC}") = "TravelAgency", "TravelAgency\TravelAgency.csproj", "{1AE45A53-4B64-4DCD-A20B-DEA862D172C7}"
EndProject
Global
	GlobalSection(SolutionConfigurationPlatforms) = preSolution
		Debug|Any CPU = Debug|Any CPU
		Release|Any CPU = Release|Any CPU
	EndGlobalSection
	GlobalSection(ProjectConfigurationPlatforms) = postSolution
		{1AE45A53-4B64-4DCD-A20B-DEA862D172C7}.Debug|Any CPU.ActiveCfg = Debug|Any CPU
		{1AE45A53-4B64-4DCD-A20B-DEA862D172C7}.Debug|Any CPU.Build.0 = Debug|Any CPU
		{1AE45A53-4B64-4DCD-A20B-DEA862D172C7}.Release|Any CPU.ActiveCfg = Release|Any CPU
		{1AE45A53-4B64-4DCD-A20B-DEA862D172C7}.Release|Any CPU.Build.0 = Release|Any CPU
	EndGlobalSection
	GlobalSection(SolutionProperties) = preSolution
		HideSolutionNode = FALSE
	EndGlobalSection
	GlobalSection(ExtensibilityGlobals) = postSolution
		SolutionGuid = {BBFF9309-9185-409A-B050-84DA8B920BE2}
	EndGlobalSection
EndGlobal
